
Microsoft Visual Studio Solution File, Format Version 12.00
# Visual Studio Version 17
VisualStudioVersion = 17.6.33815.320
MinimumVisualStudioVersion = 10.0.40219.1
Project("{FAE04EC0-301F-11D3-BF4B-00C04F79EFBC}") = "kurs21", "kurs21\kurs21.csproj", "{C9D80EC4-9F5C-44D8-BD7E-744629E9EBD3}"
EndProject
Global
	GlobalSection(SolutionConfigurationPlatforms) = preSolution
		Debug|Any CPU = Debug|Any CPU
		Release|Any CPU = Release|Any CPU
	EndGlobalSection
	GlobalSection(ProjectConfigurationPlatforms) = postSolution
		{C9D80EC4-9F5C-44D8-BD7E-744629E9EBD3}.Debug|Any CPU.ActiveCfg = Debug|Any CPU
		{C9D80EC4-9F5C-44D8-BD7E-744629E9EBD3}.Debug|Any CPU.Build.0 = Debug|Any CPU
		{C9D80EC4-9F5C-44D8-BD7E-744629E9EBD3}.Release|Any CPU.ActiveCfg = Release|Any CPU
		{C9D80EC4-9F5C-44D8-BD7E-744629E9EBD3}.Release|Any CPU.Build.0 = Release|Any CPU
	EndGlobalSection
	GlobalSection(SolutionProperties) = preSolution
		HideSolutionNode = FALSE
	EndGlobalSection
	GlobalSection(ExtensibilityGlobals) = postSolution
		SolutionGuid = {22B1C0DA-C550-4968-904E-BFB4D49726DB}
	EndGlobalSection
EndGlobal
